
Microsoft Visual Studio Solution File, Format Version 12.00
# Visual Studio 15
VisualStudioVersion = 15.0.26730.15
MinimumVisualStudioVersion = 10.0.40219.1
Project("{FAE04EC0-301F-11D3-BF4B-00C04F79EFBC}") = "MaquinaTurinAreaCubo", "MaquinaTurinAreaCubo\MaquinaTurinAreaCubo.csproj", "{C1CCBD59-E933-4B28-84F3-2F020D379372}"
EndProject
Global
	GlobalSection(SolutionConfigurationPlatforms) = preSolution
		Debug|Any CPU = Debug|Any CPU
		Release|Any CPU = Release|Any CPU
	EndGlobalSection
	GlobalSection(ProjectConfigurationPlatforms) = postSolution
		{C1CCBD59-E933-4B28-84F3-2F020D379372}.Debug|Any CPU.ActiveCfg = Debug|Any CPU
		{C1CCBD59-E933-4B28-84F3-2F020D379372}.Debug|Any CPU.Build.0 = Debug|Any CPU
		{C1CCBD59-E933-4B28-84F3-2F020D379372}.Release|Any CPU.ActiveCfg = Release|Any CPU
		{C1CCBD59-E933-4B28-84F3-2F020D379372}.Release|Any CPU.Build.0 = Release|Any CPU
	EndGlobalSection
	GlobalSection(SolutionProperties) = preSolution
		HideSolutionNode = FALSE
	EndGlobalSection
	GlobalSection(ExtensibilityGlobals) = postSolution
		SolutionGuid = {C932C3BB-6A79-48A7-96DF-B0098F9700F4}
	EndGlobalSection
EndGlobal
